<?xml version="1.0" encoding="utf-8"?>
<Project ToolsVersion="4.0" xmlns="http://schemas.microsoft.com/developer/msbuild/2003">
  <ItemGroup>
    <Filter Include="Source Files">
      <UniqueIdentifier>{4FC737F1-C7A5-4376-A066-2A32D752A2FF}</UniqueIdentifier>
      <Extensions>cpp;c;cc;cxx;c++;cppm;ixx;def;odl;idl;hpj;bat;asm;asmx</Extensions>
    </Filter>
    <Filter Include="Header Files">
      <UniqueIdentifier>{93995380-89BD-4b04-88EB-625FBE52EBFB}</UniqueIdentifier>
      <Extensions>h;hh;hpp;hxx;h++;hm;inl;inc;ipp;xsd</Extensions>
    </Filter>
    <Filter Include="Resource Files">
      <UniqueIdentifier>{67DA6AB6-F800-4c08-8B7A-83BB121AAD01}</UniqueIdentifier>
      <Extensions>rc;ico;cur;bmp;dlg;rc2;rct;bin;rgs;gif;jpg;jpeg;jpe;resx;tiff;tif;png;wav;mfcribbon-ms</Extensions>
    </Filter>
  </ItemGroup>
  <ItemGroup>
    <ClCompile Include="src\BreakoutGame.cpp">
      <Filter>Source Files</Filter>
    </ClCompile>
    <ClCompile Include="src\BrickType.cpp">
      <Filter>Source Files</Filter>
    </ClCompile>
    <ClCompile Include="src\GameManager.cpp">
      <Filter>Source Files</Filter>
    </ClCompile>
    <ClCompile Include="src\Level.cpp">
      <Filter>Source Files</Filter>
    </ClCompile>
    <ClCompile Include="src\main.cpp">
      <Filter>Source Files</Filter>
    </ClCompile>
    <ClCompile Include="src\Window.cpp">
      <Filter>Source Files</Filter>
    </ClCompile>
    <ClCompile Include="src\tinyxml\tinystr.cpp">
      <Filter>Source Files</Filter>
    </ClCompile>
    <ClCompile Include="src\tinyxml\tinyxml.cpp">
      <Filter>Source Files</Filter>
    </ClCompile>
    <ClCompile Include="src\tinyxml\tinyxmlerror.cpp">
      <Filter>Source Files</Filter>
    </ClCompile>
    <ClCompile Include="src\tinyxml\tinyxmlparser.cpp">
      <Filter>Source Files</Filter>
    </ClCompile>
    <ClCompile Include="src\InputHandler.cpp">
      <Filter>Source Files</Filter>
    </ClCompile>
    <ClCompile Include="src\Texture.cpp">
      <Filter>Source Files</Filter>
    </ClCompile>
    <ClCompile Include="src\Component.cpp">
      <Filter>Source Files</Filter>
    </ClCompile>
    <ClCompile Include="src\GameObject.cpp">
      <Filter>Source Files</Filter>
    </ClCompile>
    <ClCompile Include="src\Transform.cpp">
      <Filter>Source Files</Filter>
    </ClCompile>
    <ClCompile Include="src\headers\engine\BoxCollider.cpp">
      <Filter>Source Files</Filter>
    </ClCompile>
    <ClCompile Include="src\headers\engine\CircleCollider.cpp">
      <Filter>Source Files</Filter>
    </ClCompile>
    <ClCompile Include="src\Collider.cpp">
      <Filter>Source Files</Filter>
    </ClCompile>
    <ClCompile Include="src\Force.cpp">
      <Filter>Source Files</Filter>
    </ClCompile>
    <ClCompile Include="src\Moveable.cpp">
      <Filter>Source Files</Filter>
    </ClCompile>
    <ClCompile Include="src\SoundManager.cpp">
      <Filter>Source Files</Filter>
    </ClCompile>
  </ItemGroup>
  <ItemGroup>
    <ClInclude Include="src\headers\BreakoutGame.h">
      <Filter>Header Files</Filter>
    </ClInclude>
    <ClInclude Include="src\headers\BrickType.h">
      <Filter>Header Files</Filter>
    </ClInclude>
    <ClInclude Include="src\headers\GameEvent.h">
      <Filter>Header Files</Filter>
    </ClInclude>
    <ClInclude Include="src\headers\GameManager.h">
      <Filter>Header Files</Filter>
    </ClInclude>
    <ClInclude Include="src\headers\IGame.h">
      <Filter>Header Files</Filter>
    </ClInclude>
    <ClInclude Include="src\headers\InputHandler.h">
      <Filter>Header Files</Filter>
    </ClInclude>
    <ClInclude Include="src\headers\Level.h">
      <Filter>Header Files</Filter>
    </ClInclude>
    <ClInclude Include="src\headers\Window.h">
      <Filter>Header Files</Filter>
    </ClInclude>
    <ClInclude Include="src\headers\engine\BoxCollider.h">
      <Filter>Header Files</Filter>
    </ClInclude>
    <ClInclude Include="src\headers\engine\CircleCollider.h">
      <Filter>Header Files</Filter>
    </ClInclude>
    <ClInclude Include="src\headers\engine\Collider.h">
      <Filter>Header Files</Filter>
    </ClInclude>
    <ClInclude Include="src\headers\engine\ColliderType.h">
      <Filter>Header Files</Filter>
    </ClInclude>
    <ClInclude Include="src\headers\engine\Component.h">
      <Filter>Header Files</Filter>
    </ClInclude>
    <ClInclude Include="src\headers\engine\GameObject.h">
      <Filter>Header Files</Filter>
    </ClInclude>
    <ClInclude Include="src\headers\engine\Texture.h">
      <Filter>Header Files</Filter>
    </ClInclude>
    <ClInclude Include="src\headers\engine\Transform.h">
      <Filter>Header Files</Filter>
    </ClInclude>
    <ClInclude Include="src\tinyxml\tinystr.h">
      <Filter>Source Files</Filter>
    </ClInclude>
    <ClInclude Include="src\tinyxml\tinyxml.h">
      <Filter>Source Files</Filter>
    </ClInclude>
    <ClInclude Include="src\headers\engine\EngineComponents.h">
      <Filter>Header Files</Filter>
    </ClInclude>
    <ClInclude Include="src\headers\Helpers.h">
      <Filter>Header Files</Filter>
    </ClInclude>
    <ClInclude Include="src\headers\ComponentType.h">
      <Filter>Header Files</Filter>
    </ClInclude>
    <ClInclude Include="src\headers\Moveable.h">
      <Filter>Header Files</Filter>
    </ClInclude>
    <ClInclude Include="src\headers\InputKey.h">
      <Filter>Header Files</Filter>
    </ClInclude>
    <ClInclude Include="src\headers\Force.h">
      <Filter>Header Files</Filter>
    </ClInclude>
    <ClInclude Include="src\headers\SoundManager.h">
      <Filter>Header Files</Filter>
    </ClInclude>
  </ItemGroup>
</Project>